{
  "version": 4,
  "terraform_version": "1.8.4",
  "serial": 512,
  "lineage": "50fa8a9b-aeab-f29b-efd4-0e1bc05fbbd3",
  "outputs": {
    "internal_ip": {
      "value": "10.197.0.2",
      "type": "string"
    },
    "public_ip": {
      "value": "35.231.0.102",
      "type": "string"
    },
    "subnet": {
      "value": "armageddon2-subnet",
      "type": "string"
    },
    "vpc": {
      "value": "armageddon2-network",
      "type": "string"
    }
  },
  "resources": [
    {
      "mode": "managed",
      "type": "google_compute_firewall",
      "name": "rules",
      "provider": "provider[\"registry.terraform.io/hashicorp/google\"]",
      "instances": [
        {
          "schema_version": 1,
          "attributes": {
            "allow": [
              {
                "ports": [
                  "22",
                  "80",
                  "443"
                ],
                "protocol": "tcp"
              },
              {
                "ports": [],
                "protocol": "icmp"
              }
            ],
            "creation_timestamp": "2024-06-11T19:20:33.644-07:00",
            "deny": [],
            "description": "",
            "destination_ranges": [],
            "direction": "INGRESS",
            "disabled": false,
            "enable_logging": null,
            "id": "projects/scorpion-king64/global/firewalls/firewall-rule",
            "log_config": [],
            "name": "firewall-rule",
            "network": "https://www.googleapis.com/compute/v1/projects/scorpion-king64/global/networks/armageddon2-network",
            "priority": 1000,
            "project": "scorpion-king64",
            "self_link": "https://www.googleapis.com/compute/v1/projects/scorpion-king64/global/firewalls/firewall-rule",
            "source_ranges": [
              "0.0.0.0/0"
            ],
            "source_service_accounts": null,
            "source_tags": null,
            "target_service_accounts": null,
            "target_tags": null,
            "timeouts": null
          },
          "sensitive_attributes": [],
          "private": "eyJlMmJmYjczMC1lY2FhLTExZTYtOGY4OC0zNDM2M2JjN2M0YzAiOnsiY3JlYXRlIjoxMjAwMDAwMDAwMDAwLCJkZWxldGUiOjEyMDAwMDAwMDAwMDAsInVwZGF0ZSI6MTIwMDAwMDAwMDAwMH0sInNjaGVtYV92ZXJzaW9uIjoiMSJ9",
          "dependencies": [
            "google_compute_network.armageddon2_vpc"
          ]
        }
      ]
    },
    {
      "mode": "managed",
      "type": "google_compute_instance",
      "name": "armageddon2",
      "provider": "provider[\"registry.terraform.io/hashicorp/google\"]",
      "instances": [
        {
          "schema_version": 6,
          "attributes": {
            "advanced_machine_features": [],
            "allow_stopping_for_update": null,
            "attached_disk": [],
            "boot_disk": [
              {
                "auto_delete": true,
                "device_name": "persistent-disk-0",
                "disk_encryption_key_raw": "",
                "disk_encryption_key_sha256": "",
                "initialize_params": [
                  {
                    "enable_confidential_compute": false,
                    "image": "https://www.googleapis.com/compute/v1/projects/debian-cloud/global/images/debian-12-bookworm-v20240611",
                    "labels": {},
                    "provisioned_iops": 0,
                    "provisioned_throughput": 0,
                    "resource_manager_tags": null,
                    "size": 10,
                    "type": "pd-standard"
                  }
                ],
                "kms_key_self_link": "",
                "mode": "READ_WRITE",
                "source": "https://www.googleapis.com/compute/v1/projects/scorpion-king64/zones/us-east1-b/disks/armageddon2-instance"
              }
            ],
            "can_ip_forward": false,
            "confidential_instance_config": [],
            "cpu_platform": "Intel Broadwell",
            "current_status": "RUNNING",
            "deletion_protection": false,
            "description": "",
            "desired_status": null,
            "effective_labels": {},
            "enable_display": false,
            "guest_accelerator": [],
            "hostname": "",
            "id": "projects/scorpion-king64/zones/us-east1-b/instances/armageddon2-instance",
            "instance_id": "7553307889902074642",
            "label_fingerprint": "42WmSpB8rSM=",
            "labels": null,
            "machine_type": "e2-medium",
            "metadata": null,
            "metadata_fingerprint": "5fw2UszGVD0=",
            "metadata_startup_script": "#Thanks to Remo\n#!/bin/bash\n# Update and install Apache2\napt update\napt install -y apache2\n\n# Start and enable Apache2\nsystemctl start apache2\nsystemctl enable apache2\n\n# GCP Metadata server base URL and header\nMETADATA_URL=\"http://metadata.google.internal/computeMetadata/v1\"\nMETADATA_FLAVOR_HEADER=\"Metadata-Flavor: Google\"\n\n# Use curl to fetch instance metadata\nlocal_ipv4=$(curl -H \"${METADATA_FLAVOR_HEADER}\" -s \"${METADATA_URL}/instance/network-interfaces/0/ip\")\nzone=$(curl -H \"${METADATA_FLAVOR_HEADER}\" -s \"${METADATA_URL}/instance/zone\")\nproject_id=$(curl -H \"${METADATA_FLAVOR_HEADER}\" -s \"${METADATA_URL}/project/project-id\")\nnetwork_tags=$(curl -H \"${METADATA_FLAVOR_HEADER}\" -s \"${METADATA_URL}/instance/tags\")\n\n# Create a simple HTML page and include instance details\ncat \u003c\u003cEOF \u003e /var/www/html/index.html\n\u003chtml\u003e\u003cbody\u003e\n\u003ch2\u003eThis Was Truly Challenging My Brain Thank You Theo\u003c/h2\u003e\n\u003ch2\u003eTogether We Inspire Together We Achieve, Stand As One Brothers\u003c/h2\u003e\n\u003ch3\u003eIf You Are Trying To Complete This Assignment By Yourself, You Are Crazy!\u003c/h3\u003e\n\u003ciframe src=\"https://giphy.com/embed/fWAlpoPgxSF47aqh8R\" width=\"1000\" height=\"400\" frameBorder=\"0\" class=\"giphy-embed\" allowFullScreen\u003e\u003c/iframe\u003e\u003cp\u003e\u003ca href=\"https://giphy.com/gifs/TOEIAnimationUK-goku-dragon-ball-son-fWAlpoPgxSF47aqh8R\"\u003evia GIPHY\u003c/a\u003e\u003c/p\u003e\n\u003cp\u003e\u003cb\u003eInstance Name:\u003c/b\u003e $(hostname -f)\u003c/p\u003e\n\u003cp\u003e\u003cb\u003eInstance Private IP Address: \u003c/b\u003e $local_ipv4\u003c/p\u003e\n\u003cp\u003e\u003cb\u003eZone: \u003c/b\u003e $zone\u003c/p\u003e\n\u003cp\u003e\u003cb\u003eProject ID:\u003c/b\u003e $project_id\u003c/p\u003e\n\u003cp\u003e\u003cb\u003eNetwork Tags:\u003c/b\u003e $network_tags\u003c/p\u003e\n\u003c/body\u003e\u003c/html\u003e\nEOF",
            "min_cpu_platform": "",
            "name": "armageddon2-instance",
            "network_interface": [
              {
                "access_config": [
                  {
                    "nat_ip": "35.231.0.102",
                    "network_tier": "PREMIUM",
                    "public_ptr_domain_name": ""
                  }
                ],
                "alias_ip_range": [],
                "internal_ipv6_prefix_length": 0,
                "ipv6_access_config": [],
                "ipv6_access_type": "",
                "ipv6_address": "",
                "name": "nic0",
                "network": "https://www.googleapis.com/compute/v1/projects/scorpion-king64/global/networks/armageddon2-network",
                "network_ip": "10.197.0.2",
                "nic_type": "",
                "queue_count": 0,
                "stack_type": "IPV4_ONLY",
                "subnetwork": "https://www.googleapis.com/compute/v1/projects/scorpion-king64/regions/us-east1/subnetworks/armageddon2-subnet",
                "subnetwork_project": "scorpion-king64"
              }
            ],
            "network_performance_config": [],
            "params": [],
            "project": "scorpion-king64",
            "reservation_affinity": [],
            "resource_policies": null,
            "scheduling": [
              {
                "automatic_restart": true,
                "instance_termination_action": "",
                "local_ssd_recovery_timeout": [],
                "min_node_cpus": 0,
                "node_affinities": [],
                "on_host_maintenance": "MIGRATE",
                "preemptible": false,
                "provisioning_model": "STANDARD"
              }
            ],
            "scratch_disk": [],
            "self_link": "https://www.googleapis.com/compute/v1/projects/scorpion-king64/zones/us-east1-b/instances/armageddon2-instance",
            "service_account": [],
            "shielded_instance_config": [
              {
                "enable_integrity_monitoring": true,
                "enable_secure_boot": false,
                "enable_vtpm": true
              }
            ],
            "tags": [
              "http-server"
            ],
            "tags_fingerprint": "FYLDgkTKlA4=",
            "terraform_labels": {},
            "timeouts": null,
            "zone": "us-east1-b"
          },
          "sensitive_attributes": [
            [
              {
                "type": "get_attr",
                "value": "boot_disk"
              },
              {
                "type": "index",
                "value": {
                  "value": 0,
                  "type": "number"
                }
              },
              {
                "type": "get_attr",
                "value": "disk_encryption_key_raw"
              }
            ]
          ],
          "private": "eyJlMmJmYjczMC1lY2FhLTExZTYtOGY4OC0zNDM2M2JjN2M0YzAiOnsiY3JlYXRlIjoxMjAwMDAwMDAwMDAwLCJkZWxldGUiOjEyMDAwMDAwMDAwMDAsInVwZGF0ZSI6MTIwMDAwMDAwMDAwMH0sInNjaGVtYV92ZXJzaW9uIjoiNiJ9",
          "dependencies": [
            "google_compute_firewall.rules",
            "google_compute_network.armageddon2_vpc",
            "google_compute_subnetwork.armageddon2_subnet"
          ]
        }
      ]
    },
    {
      "mode": "managed",
      "type": "google_compute_network",
      "name": "armageddon2_vpc",
      "provider": "provider[\"registry.terraform.io/hashicorp/google\"]",
      "instances": [
        {
          "schema_version": 0,
          "attributes": {
            "auto_create_subnetworks": false,
            "delete_default_routes_on_create": false,
            "description": "",
            "enable_ula_internal_ipv6": false,
            "gateway_ipv4": "",
            "id": "projects/scorpion-king64/global/networks/armageddon2-network",
            "internal_ipv6_range": "",
            "mtu": 1460,
            "name": "armageddon2-network",
            "network_firewall_policy_enforcement_order": "AFTER_CLASSIC_FIREWALL",
            "numeric_id": "5507740117869312777",
            "project": "scorpion-king64",
            "routing_mode": "REGIONAL",
            "self_link": "https://www.googleapis.com/compute/v1/projects/scorpion-king64/global/networks/armageddon2-network",
            "timeouts": null
          },
          "sensitive_attributes": [],
          "private": "eyJlMmJmYjczMC1lY2FhLTExZTYtOGY4OC0zNDM2M2JjN2M0YzAiOnsiY3JlYXRlIjoxMjAwMDAwMDAwMDAwLCJkZWxldGUiOjEyMDAwMDAwMDAwMDAsInVwZGF0ZSI6MTIwMDAwMDAwMDAwMH19"
        }
      ]
    },
    {
      "mode": "managed",
      "type": "google_compute_subnetwork",
      "name": "armageddon2_subnet",
      "provider": "provider[\"registry.terraform.io/hashicorp/google\"]",
      "instances": [
        {
          "schema_version": 0,
          "attributes": {
            "creation_timestamp": "2024-06-11T19:20:33.732-07:00",
            "description": "",
            "external_ipv6_prefix": "",
            "fingerprint": null,
            "gateway_address": "10.197.0.1",
            "id": "projects/scorpion-king64/regions/us-east1/subnetworks/armageddon2-subnet",
            "internal_ipv6_prefix": "",
            "ip_cidr_range": "10.197.0.0/24",
            "ipv6_access_type": "",
            "ipv6_cidr_range": "",
            "log_config": [],
            "name": "armageddon2-subnet",
            "network": "https://www.googleapis.com/compute/v1/projects/scorpion-king64/global/networks/armageddon2-network",
            "private_ip_google_access": false,
            "private_ipv6_google_access": "DISABLE_GOOGLE_ACCESS",
            "project": "scorpion-king64",
            "purpose": "PRIVATE",
            "region": "us-east1",
            "role": "",
            "secondary_ip_range": [],
            "self_link": "https://www.googleapis.com/compute/v1/projects/scorpion-king64/regions/us-east1/subnetworks/armageddon2-subnet",
            "stack_type": "IPV4_ONLY",
            "timeouts": null
          },
          "sensitive_attributes": [],
          "private": "eyJlMmJmYjczMC1lY2FhLTExZTYtOGY4OC0zNDM2M2JjN2M0YzAiOnsiY3JlYXRlIjoxMjAwMDAwMDAwMDAwLCJkZWxldGUiOjEyMDAwMDAwMDAwMDAsInVwZGF0ZSI6MTIwMDAwMDAwMDAwMH19",
          "dependencies": [
            "google_compute_network.armageddon2_vpc"
          ]
        }
      ]
    },
    {
      "mode": "managed",
      "type": "google_storage_bucket",
      "name": "armageddon2",
      "provider": "provider[\"registry.terraform.io/hashicorp/google\"]",
      "instances": [
        {
          "schema_version": 1,
          "attributes": {
            "autoclass": [],
            "cors": [],
            "custom_placement_config": [],
            "default_event_based_hold": false,
            "effective_labels": {},
            "enable_object_retention": false,
            "encryption": [],
            "force_destroy": true,
            "id": "scorpion-king64-armageddon2",
            "labels": null,
            "lifecycle_rule": [],
            "location": "US",
            "logging": [],
            "name": "scorpion-king64-armageddon2",
            "project": "scorpion-king64",
            "project_number": 115906195673,
            "public_access_prevention": "inherited",
            "requester_pays": false,
            "retention_policy": [],
            "rpo": "DEFAULT",
            "self_link": "https://www.googleapis.com/storage/v1/b/scorpion-king64-armageddon2",
            "soft_delete_policy": [
              {
                "effective_time": "2024-06-12T02:20:23.047Z",
                "retention_duration_seconds": 604800
              }
            ],
            "storage_class": "STANDARD",
            "terraform_labels": {},
            "timeouts": null,
            "uniform_bucket_level_access": false,
            "url": "gs://scorpion-king64-armageddon2",
            "versioning": [],
            "website": [
              {
                "main_page_suffix": "index.html",
                "not_found_page": "404.html"
              }
            ]
          },
          "sensitive_attributes": [],
          "private": "eyJlMmJmYjczMC1lY2FhLTExZTYtOGY4OC0zNDM2M2JjN2M0YzAiOnsiY3JlYXRlIjo2MDAwMDAwMDAwMDAsInJlYWQiOjI0MDAwMDAwMDAwMCwidXBkYXRlIjoyNDAwMDAwMDAwMDB9LCJzY2hlbWFfdmVyc2lvbiI6IjEifQ=="
        }
      ]
    }
  ],
  "check_results": null
}
