{
  "version": 4,
  "terraform_version": "1.8.2",
  "serial": 337,
  "lineage": "06d32993-001c-b1ef-93b7-00cb403ad73a",
  "outputs": {
    "bucket_url": {
      "value": "https://storage.googleapis.com/project-voltron64-armageddon-11/index4.html",
      "type": "string"
    }
  },
  "resources": [
    {
      "mode": "managed",
      "type": "google_storage_bucket",
      "name": "armageddon-11",
      "provider": "provider[\"registry.terraform.io/hashicorp/google\"]",
      "instances": [
        {
          "schema_version": 1,
          "attributes": {
            "autoclass": [],
            "cors": [],
            "custom_placement_config": [],
            "default_event_based_hold": false,
            "effective_labels": {},
            "enable_object_retention": false,
            "encryption": [],
            "force_destroy": true,
            "id": "project-voltron64-armageddon-11",
            "labels": {},
            "lifecycle_rule": [],
            "location": "US",
            "logging": [],
            "name": "project-voltron64-armageddon-11",
            "project": "project-voltron64",
            "project_number": 1036052858540,
            "public_access_prevention": "inherited",
            "requester_pays": false,
            "retention_policy": [],
            "rpo": "DEFAULT",
            "self_link": "https://www.googleapis.com/storage/v1/b/project-voltron64-armageddon-11",
            "soft_delete_policy": [
              {
                "effective_time": "2024-05-13T04:29:29.827Z",
                "retention_duration_seconds": 604800
              }
            ],
            "storage_class": "STANDARD",
            "terraform_labels": {},
            "timeouts": null,
            "uniform_bucket_level_access": false,
            "url": "gs://project-voltron64-armageddon-11",
            "versioning": [],
            "website": [
              {
                "main_page_suffix": "index4.html",
                "not_found_page": "404.html"
              }
            ]
          },
          "sensitive_attributes": [],
          "private": "eyJlMmJmYjczMC1lY2FhLTExZTYtOGY4OC0zNDM2M2JjN2M0YzAiOnsiY3JlYXRlIjo2MDAwMDAwMDAwMDAsInJlYWQiOjI0MDAwMDAwMDAwMCwidXBkYXRlIjoyNDAwMDAwMDAwMDB9LCJzY2hlbWFfdmVyc2lvbiI6IjEifQ=="
        }
      ]
    },
    {
      "mode": "managed",
      "type": "google_storage_bucket_access_control",
      "name": "public_rule",
      "provider": "provider[\"registry.terraform.io/hashicorp/google\"]",
      "instances": [
        {
          "schema_version": 0,
          "attributes": {
            "bucket": "project-voltron64-armageddon-11",
            "domain": "",
            "email": "",
            "entity": "allUsers",
            "id": "project-voltron64-armageddon-11/allUsers",
            "role": "READER",
            "timeouts": null
          },
          "sensitive_attributes": [],
          "private": "eyJlMmJmYjczMC1lY2FhLTExZTYtOGY4OC0zNDM2M2JjN2M0YzAiOnsiY3JlYXRlIjoxMjAwMDAwMDAwMDAwLCJkZWxldGUiOjEyMDAwMDAwMDAwMDAsInVwZGF0ZSI6MTIwMDAwMDAwMDAwMH19",
          "dependencies": [
            "google_storage_bucket.armageddon-11"
          ]
        }
      ]
    },
    {
      "mode": "managed",
      "type": "google_storage_bucket_iam_binding",
      "name": "public_access",
      "provider": "provider[\"registry.terraform.io/hashicorp/google\"]",
      "instances": [
        {
          "schema_version": 0,
          "attributes": {
            "bucket": "b/project-voltron64-armageddon-11",
            "condition": [],
            "etag": "CAM=",
            "id": "b/project-voltron64-armageddon-11/roles/storage.objectViewer",
            "members": [
              "allUsers"
            ],
            "role": "roles/storage.objectViewer"
          },
          "sensitive_attributes": [],
          "private": "bnVsbA==",
          "dependencies": [
            "google_storage_bucket.armageddon-11"
          ]
        }
      ]
    },
    {
      "mode": "managed",
      "type": "google_storage_bucket_object",
      "name": "image1",
      "provider": "provider[\"registry.terraform.io/hashicorp/google\"]",
      "instances": [
        {
          "schema_version": 0,
          "attributes": {
            "bucket": "project-voltron64-armageddon-11",
            "cache_control": "",
            "content": null,
            "content_disposition": "",
            "content_encoding": "",
            "content_language": "",
            "content_type": "image/png",
            "crc32c": "vGs9ug==",
            "customer_encryption": [],
            "detect_md5hash": "uDaV1h6ppQWKoNB3m+qu/A==",
            "event_based_hold": false,
            "id": "project-voltron64-armageddon-11-happy-days.jpg",
            "kms_key_name": "",
            "md5hash": "uDaV1h6ppQWKoNB3m+qu/A==",
            "media_link": "https://storage.googleapis.com/download/storage/v1/b/project-voltron64-armageddon-11/o/happy-days.jpg?generation=1715574575243340\u0026alt=media",
            "metadata": {},
            "name": "happy-days.jpg",
            "output_name": "happy-days.jpg",
            "retention": [],
            "self_link": "https://www.googleapis.com/storage/v1/b/project-voltron64-armageddon-11/o/happy-days.jpg",
            "source": "happy-days.jpg",
            "storage_class": "STANDARD",
            "temporary_hold": false,
            "timeouts": null
          },
          "sensitive_attributes": [
            [
              {
                "type": "get_attr",
                "value": "content"
              }
            ]
          ],
          "private": "eyJlMmJmYjczMC1lY2FhLTExZTYtOGY4OC0zNDM2M2JjN2M0YzAiOnsiY3JlYXRlIjoyNDAwMDAwMDAwMDAsImRlbGV0ZSI6MjQwMDAwMDAwMDAwLCJ1cGRhdGUiOjI0MDAwMDAwMDAwMH19",
          "dependencies": [
            "google_storage_bucket.armageddon-11"
          ]
        }
      ]
    },
    {
      "mode": "managed",
      "type": "google_storage_bucket_object",
      "name": "image2",
      "provider": "provider[\"registry.terraform.io/hashicorp/google\"]",
      "instances": [
        {
          "schema_version": 0,
          "attributes": {
            "bucket": "project-voltron64-armageddon-11",
            "cache_control": "",
            "content": null,
            "content_disposition": "",
            "content_encoding": "",
            "content_language": "",
            "content_type": "image/png",
            "crc32c": "Znyv/g==",
            "customer_encryption": [],
            "detect_md5hash": "CgCuGTZn7oDjLvyqqEBZdg==",
            "event_based_hold": false,
            "id": "project-voltron64-armageddon-11-copacabana-rio-de-janeiro.jpg",
            "kms_key_name": "",
            "md5hash": "CgCuGTZn7oDjLvyqqEBZdg==",
            "media_link": "https://storage.googleapis.com/download/storage/v1/b/project-voltron64-armageddon-11/o/copacabana-rio-de-janeiro.jpg?generation=1715574573845309\u0026alt=media",
            "metadata": {},
            "name": "copacabana-rio-de-janeiro.jpg",
            "output_name": "copacabana-rio-de-janeiro.jpg",
            "retention": [],
            "self_link": "https://www.googleapis.com/storage/v1/b/project-voltron64-armageddon-11/o/copacabana-rio-de-janeiro.jpg",
            "source": "copacabana-rio-de-janeiro.jpg",
            "storage_class": "STANDARD",
            "temporary_hold": false,
            "timeouts": null
          },
          "sensitive_attributes": [
            [
              {
                "type": "get_attr",
                "value": "content"
              }
            ]
          ],
          "private": "eyJlMmJmYjczMC1lY2FhLTExZTYtOGY4OC0zNDM2M2JjN2M0YzAiOnsiY3JlYXRlIjoyNDAwMDAwMDAwMDAsImRlbGV0ZSI6MjQwMDAwMDAwMDAwLCJ1cGRhdGUiOjI0MDAwMDAwMDAwMH19",
          "dependencies": [
            "google_storage_bucket.armageddon-11"
          ]
        }
      ]
    },
    {
      "mode": "managed",
      "type": "google_storage_bucket_object",
      "name": "image3",
      "provider": "provider[\"registry.terraform.io/hashicorp/google\"]",
      "instances": [
        {
          "schema_version": 0,
          "attributes": {
            "bucket": "project-voltron64-armageddon-11",
            "cache_control": "",
            "content": null,
            "content_disposition": "",
            "content_encoding": "",
            "content_language": "",
            "content_type": "image/png",
            "crc32c": "Z47OQQ==",
            "customer_encryption": [],
            "detect_md5hash": "zs7tSHxBN9G0/MevUUmnBA==",
            "event_based_hold": false,
            "id": "project-voltron64-armageddon-11-carnival-rio3.jpg",
            "kms_key_name": "",
            "md5hash": "zs7tSHxBN9G0/MevUUmnBA==",
            "media_link": "https://storage.googleapis.com/download/storage/v1/b/project-voltron64-armageddon-11/o/carnival-rio3.jpg?generation=1715574572056060\u0026alt=media",
            "metadata": {},
            "name": "carnival-rio3.jpg",
            "output_name": "carnival-rio3.jpg",
            "retention": [],
            "self_link": "https://www.googleapis.com/storage/v1/b/project-voltron64-armageddon-11/o/carnival-rio3.jpg",
            "source": "carnival-rio3.jpg",
            "storage_class": "STANDARD",
            "temporary_hold": false,
            "timeouts": null
          },
          "sensitive_attributes": [
            [
              {
                "type": "get_attr",
                "value": "content"
              }
            ]
          ],
          "private": "eyJlMmJmYjczMC1lY2FhLTExZTYtOGY4OC0zNDM2M2JjN2M0YzAiOnsiY3JlYXRlIjoyNDAwMDAwMDAwMDAsImRlbGV0ZSI6MjQwMDAwMDAwMDAwLCJ1cGRhdGUiOjI0MDAwMDAwMDAwMH19",
          "dependencies": [
            "google_storage_bucket.armageddon-11"
          ]
        }
      ]
    },
    {
      "mode": "managed",
      "type": "google_storage_bucket_object",
      "name": "image4",
      "provider": "provider[\"registry.terraform.io/hashicorp/google\"]",
      "instances": [
        {
          "schema_version": 0,
          "attributes": {
            "bucket": "project-voltron64-armageddon-11",
            "cache_control": "",
            "content": null,
            "content_disposition": "",
            "content_encoding": "",
            "content_language": "",
            "content_type": "image/png",
            "crc32c": "641XRg==",
            "customer_encryption": [],
            "detect_md5hash": "aNkkOt4oyRWa14A9aGiKJg==",
            "event_based_hold": false,
            "id": "project-voltron64-armageddon-11-brazil-carnaival-1.jpg",
            "kms_key_name": "",
            "md5hash": "aNkkOt4oyRWa14A9aGiKJg==",
            "media_link": "https://storage.googleapis.com/download/storage/v1/b/project-voltron64-armageddon-11/o/brazil-carnaival-1.jpg?generation=1715574579043335\u0026alt=media",
            "metadata": {},
            "name": "brazil-carnaival-1.jpg",
            "output_name": "brazil-carnaival-1.jpg",
            "retention": [],
            "self_link": "https://www.googleapis.com/storage/v1/b/project-voltron64-armageddon-11/o/brazil-carnaival-1.jpg",
            "source": "brazil-carnaival-1.jpg",
            "storage_class": "STANDARD",
            "temporary_hold": false,
            "timeouts": null
          },
          "sensitive_attributes": [
            [
              {
                "type": "get_attr",
                "value": "content"
              }
            ]
          ],
          "private": "eyJlMmJmYjczMC1lY2FhLTExZTYtOGY4OC0zNDM2M2JjN2M0YzAiOnsiY3JlYXRlIjoyNDAwMDAwMDAwMDAsImRlbGV0ZSI6MjQwMDAwMDAwMDAwLCJ1cGRhdGUiOjI0MDAwMDAwMDAwMH19",
          "dependencies": [
            "google_storage_bucket.armageddon-11"
          ]
        }
      ]
    },
    {
      "mode": "managed",
      "type": "google_storage_bucket_object",
      "name": "index_html",
      "provider": "provider[\"registry.terraform.io/hashicorp/google\"]",
      "instances": [
        {
          "schema_version": 0,
          "attributes": {
            "bucket": "project-voltron64-armageddon-11",
            "cache_control": "",
            "content": null,
            "content_disposition": "",
            "content_encoding": "",
            "content_language": "",
            "content_type": "text/html",
            "crc32c": "O2mNXA==",
            "customer_encryption": [],
            "detect_md5hash": "7cCaJKTLRH3Ayv9WhXA+mg==",
            "event_based_hold": false,
            "id": "project-voltron64-armageddon-11-index4.html",
            "kms_key_name": "",
            "md5hash": "7cCaJKTLRH3Ayv9WhXA+mg==",
            "media_link": "https://storage.googleapis.com/download/storage/v1/b/project-voltron64-armageddon-11/o/index4.html?generation=1715576034053344\u0026alt=media",
            "metadata": null,
            "name": "index4.html",
            "output_name": "index4.html",
            "retention": [],
            "self_link": "https://www.googleapis.com/storage/v1/b/project-voltron64-armageddon-11/o/index4.html",
            "source": "index4.html",
            "storage_class": "STANDARD",
            "temporary_hold": false,
            "timeouts": null
          },
          "sensitive_attributes": [
            [
              {
                "type": "get_attr",
                "value": "content"
              }
            ]
          ],
          "private": "eyJlMmJmYjczMC1lY2FhLTExZTYtOGY4OC0zNDM2M2JjN2M0YzAiOnsiY3JlYXRlIjoyNDAwMDAwMDAwMDAsImRlbGV0ZSI6MjQwMDAwMDAwMDAwLCJ1cGRhdGUiOjI0MDAwMDAwMDAwMH19",
          "dependencies": [
            "google_storage_bucket.armageddon-11"
          ]
        }
      ]
    },
    {
      "mode": "managed",
      "type": "google_storage_bucket_object",
      "name": "picture",
      "provider": "provider[\"registry.terraform.io/hashicorp/google\"]",
      "instances": [
        {
          "schema_version": 0,
          "attributes": {
            "bucket": "project-voltron64-armageddon-11",
            "cache_control": "",
            "content": null,
            "content_disposition": "",
            "content_encoding": "",
            "content_language": "",
            "content_type": "text/html; charset=utf-8",
            "crc32c": "O2mNXA==",
            "customer_encryption": [],
            "detect_md5hash": "7cCaJKTLRH3Ayv9WhXA+mg==",
            "event_based_hold": false,
            "id": "project-voltron64-armageddon-11-index4.html",
            "kms_key_name": "",
            "md5hash": "7cCaJKTLRH3Ayv9WhXA+mg==",
            "media_link": "https://storage.googleapis.com/download/storage/v1/b/project-voltron64-armageddon-11/o/index4.html?generation=1715576033657312\u0026alt=media",
            "metadata": null,
            "name": "index4.html",
            "output_name": "index4.html",
            "retention": [],
            "self_link": "https://www.googleapis.com/storage/v1/b/project-voltron64-armageddon-11/o/index4.html",
            "source": "index4.html",
            "storage_class": "STANDARD",
            "temporary_hold": false,
            "timeouts": null
          },
          "sensitive_attributes": [
            [
              {
                "type": "get_attr",
                "value": "content"
              }
            ]
          ],
          "private": "eyJlMmJmYjczMC1lY2FhLTExZTYtOGY4OC0zNDM2M2JjN2M0YzAiOnsiY3JlYXRlIjoyNDAwMDAwMDAwMDAsImRlbGV0ZSI6MjQwMDAwMDAwMDAwLCJ1cGRhdGUiOjI0MDAwMDAwMDAwMH19",
          "dependencies": [
            "google_storage_bucket.armageddon-11"
          ]
        }
      ]
    },
    {
      "mode": "managed",
      "type": "google_storage_bucket_object",
      "name": "statec_site_src",
      "provider": "provider[\"registry.terraform.io/hashicorp/google\"]",
      "instances": [
        {
          "schema_version": 0,
          "attributes": {
            "bucket": "project-voltron64-armageddon-11",
            "cache_control": "",
            "content": null,
            "content_disposition": "",
            "content_encoding": "",
            "content_language": "",
            "content_type": "text/html; charset=utf-8",
            "crc32c": "O2mNXA==",
            "customer_encryption": [],
            "detect_md5hash": "7cCaJKTLRH3Ayv9WhXA+mg==",
            "event_based_hold": false,
            "id": "project-voltron64-armageddon-11-index4.html",
            "kms_key_name": "",
            "md5hash": "7cCaJKTLRH3Ayv9WhXA+mg==",
            "media_link": "https://storage.googleapis.com/download/storage/v1/b/project-voltron64-armageddon-11/o/index4.html?generation=1715576033751185\u0026alt=media",
            "metadata": null,
            "name": "index4.html",
            "output_name": "index4.html",
            "retention": [],
            "self_link": "https://www.googleapis.com/storage/v1/b/project-voltron64-armageddon-11/o/index4.html",
            "source": "index4.html",
            "storage_class": "STANDARD",
            "temporary_hold": false,
            "timeouts": null
          },
          "sensitive_attributes": [
            [
              {
                "type": "get_attr",
                "value": "content"
              }
            ]
          ],
          "private": "eyJlMmJmYjczMC1lY2FhLTExZTYtOGY4OC0zNDM2M2JjN2M0YzAiOnsiY3JlYXRlIjoyNDAwMDAwMDAwMDAsImRlbGV0ZSI6MjQwMDAwMDAwMDAwLCJ1cGRhdGUiOjI0MDAwMDAwMDAwMH19",
          "dependencies": [
            "google_storage_bucket.armageddon-11"
          ]
        }
      ]
    }
  ],
  "check_results": null
}
